
Microsoft Visual Studio Solution File, Format Version 12.00
# Visual Studio Version 17
VisualStudioVersion = 17.8.34316.72
MinimumVisualStudioVersion = 10.0.40219.1
Project("{FAE04EC0-301F-11D3-BF4B-00C04F79EFBC}") = "ConsoleApp", "ConsoleApp\ConsoleApp.csproj", "{5027FBC8-1FE8-44B8-BB2E-D8D5D3BABD44}"
EndProject
Global
	GlobalSection(SolutionConfigurationPlatforms) = preSolution
		Debug|Any CPU = Debug|Any CPU
		Release|Any CPU = Release|Any CPU
	EndGlobalSection
	GlobalSection(ProjectConfigurationPlatforms) = postSolution
		{5027FBC8-1FE8-44B8-BB2E-D8D5D3BABD44}.Debug|Any CPU.ActiveCfg = Debug|Any CPU
		{5027FBC8-1FE8-44B8-BB2E-D8D5D3BABD44}.Debug|Any CPU.Build.0 = Debug|Any CPU
		{5027FBC8-1FE8-44B8-BB2E-D8D5D3BABD44}.Release|Any CPU.ActiveCfg = Release|Any CPU
		{5027FBC8-1FE8-44B8-BB2E-D8D5D3BABD44}.Release|Any CPU.Build.0 = Release|Any CPU
	EndGlobalSection
	GlobalSection(SolutionProperties) = preSolution
		HideSolutionNode = FALSE
	EndGlobalSection
	GlobalSection(ExtensibilityGlobals) = postSolution
		SolutionGuid = {39CF5CFD-F955-41A8-A7B9-321A1A5D43E7}
	EndGlobalSection
EndGlobal
