
Microsoft Visual Studio Solution File, Format Version 12.00
# Visual Studio Version 17
VisualStudioVersion = 17.8.34330.188
MinimumVisualStudioVersion = 10.0.40219.1
Project("{FAE04EC0-301F-11D3-BF4B-00C04F79EFBC}") = "Methods and Objects", "Methods and Objects\Methods and Objects.csproj", "{7049C414-10BA-443B-A410-8217577988B3}"
EndProject
Global
	GlobalSection(SolutionConfigurationPlatforms) = preSolution
		Debug|Any CPU = Debug|Any CPU
		Release|Any CPU = Release|Any CPU
	EndGlobalSection
	GlobalSection(ProjectConfigurationPlatforms) = postSolution
		{7049C414-10BA-443B-A410-8217577988B3}.Debug|Any CPU.ActiveCfg = Debug|Any CPU
		{7049C414-10BA-443B-A410-8217577988B3}.Debug|Any CPU.Build.0 = Debug|Any CPU
		{7049C414-10BA-443B-A410-8217577988B3}.Release|Any CPU.ActiveCfg = Release|Any CPU
		{7049C414-10BA-443B-A410-8217577988B3}.Release|Any CPU.Build.0 = Release|Any CPU
	EndGlobalSection
	GlobalSection(SolutionProperties) = preSolution
		HideSolutionNode = FALSE
	EndGlobalSection
	GlobalSection(ExtensibilityGlobals) = postSolution
		SolutionGuid = {02F4255E-8B37-4373-8D3B-26181E03562A}
	EndGlobalSection
EndGlobal
